
Microsoft Visual Studio Solution File, Format Version 12.00
# Visual Studio Version 16
VisualStudioVersion = 16.0.31112.23
MinimumVisualStudioVersion = 10.0.40219.1
Project("{FAE04EC0-301F-11D3-BF4B-00C04F79EFBC}") = "Task 1", "Task 1\Task 1.csproj", "{7E0BF4D3-8380-4E15-B9DF-C20C7D70C8D2}"
EndProject
Project("{FAE04EC0-301F-11D3-BF4B-00C04F79EFBC}") = "Models", "Models\Models.csproj", "{71B41752-2D77-4222-873A-9F15AE9CDA63}"
EndProject
Global
	GlobalSection(SolutionConfigurationPlatforms) = preSolution
		Debug|Any CPU = Debug|Any CPU
		Release|Any CPU = Release|Any CPU
	EndGlobalSection
	GlobalSection(ProjectConfigurationPlatforms) = postSolution
		{7E0BF4D3-8380-4E15-B9DF-C20C7D70C8D2}.Debug|Any CPU.ActiveCfg = Debug|Any CPU
		{7E0BF4D3-8380-4E15-B9DF-C20C7D70C8D2}.Debug|Any CPU.Build.0 = Debug|Any CPU
		{7E0BF4D3-8380-4E15-B9DF-C20C7D70C8D2}.Release|Any CPU.ActiveCfg = Release|Any CPU
		{7E0BF4D3-8380-4E15-B9DF-C20C7D70C8D2}.Release|Any CPU.Build.0 = Release|Any CPU
		{71B41752-2D77-4222-873A-9F15AE9CDA63}.Debug|Any CPU.ActiveCfg = Debug|Any CPU
		{71B41752-2D77-4222-873A-9F15AE9CDA63}.Debug|Any CPU.Build.0 = Debug|Any CPU
		{71B41752-2D77-4222-873A-9F15AE9CDA63}.Release|Any CPU.ActiveCfg = Release|Any CPU
		{71B41752-2D77-4222-873A-9F15AE9CDA63}.Release|Any CPU.Build.0 = Release|Any CPU
	EndGlobalSection
	GlobalSection(SolutionProperties) = preSolution
		HideSolutionNode = FALSE
	EndGlobalSection
	GlobalSection(ExtensibilityGlobals) = postSolution
		SolutionGuid = {5A9520F4-376F-499A-97C0-9E0DC2810365}
	EndGlobalSection
EndGlobal
