
Microsoft Visual Studio Solution File, Format Version 12.00
# Visual Studio Version 16
VisualStudioVersion = 16.0.31112.23
MinimumVisualStudioVersion = 10.0.40219.1
Project("{9A19103F-16F7-4668-BE54-9A1E7A4F7556}") = "Task 1", "Task 1\Task 1.csproj", "{81BBD032-8766-491D-9C89-882CC1156882}"
EndProject
Project("{FAE04EC0-301F-11D3-BF4B-00C04F79EFBC}") = "Task 2", "Task 2\Task 2.csproj", "{95FAE7C6-3C3A-4E6B-8474-FE76B88901AC}"
EndProject
Project("{FAE04EC0-301F-11D3-BF4B-00C04F79EFBC}") = "Task 3", "Task 3\Task 3.csproj", "{1FF587DB-0B74-4EEA-965D-A26C3C5BDC41}"
EndProject
Project("{FAE04EC0-301F-11D3-BF4B-00C04F79EFBC}") = "Homework", "Homework\Homework.csproj", "{5182FAE0-C18E-4E85-96DA-1C6915787C80}"
EndProject
Global
	GlobalSection(SolutionConfigurationPlatforms) = preSolution
		Debug|Any CPU = Debug|Any CPU
		Release|Any CPU = Release|Any CPU
	EndGlobalSection
	GlobalSection(ProjectConfigurationPlatforms) = postSolution
		{81BBD032-8766-491D-9C89-882CC1156882}.Debug|Any CPU.ActiveCfg = Debug|Any CPU
		{81BBD032-8766-491D-9C89-882CC1156882}.Debug|Any CPU.Build.0 = Debug|Any CPU
		{81BBD032-8766-491D-9C89-882CC1156882}.Release|Any CPU.ActiveCfg = Release|Any CPU
		{81BBD032-8766-491D-9C89-882CC1156882}.Release|Any CPU.Build.0 = Release|Any CPU
		{95FAE7C6-3C3A-4E6B-8474-FE76B88901AC}.Debug|Any CPU.ActiveCfg = Debug|Any CPU
		{95FAE7C6-3C3A-4E6B-8474-FE76B88901AC}.Debug|Any CPU.Build.0 = Debug|Any CPU
		{95FAE7C6-3C3A-4E6B-8474-FE76B88901AC}.Release|Any CPU.ActiveCfg = Release|Any CPU
		{95FAE7C6-3C3A-4E6B-8474-FE76B88901AC}.Release|Any CPU.Build.0 = Release|Any CPU
		{1FF587DB-0B74-4EEA-965D-A26C3C5BDC41}.Debug|Any CPU.ActiveCfg = Debug|Any CPU
		{1FF587DB-0B74-4EEA-965D-A26C3C5BDC41}.Debug|Any CPU.Build.0 = Debug|Any CPU
		{1FF587DB-0B74-4EEA-965D-A26C3C5BDC41}.Release|Any CPU.ActiveCfg = Release|Any CPU
		{1FF587DB-0B74-4EEA-965D-A26C3C5BDC41}.Release|Any CPU.Build.0 = Release|Any CPU
		{5182FAE0-C18E-4E85-96DA-1C6915787C80}.Debug|Any CPU.ActiveCfg = Debug|Any CPU
		{5182FAE0-C18E-4E85-96DA-1C6915787C80}.Debug|Any CPU.Build.0 = Debug|Any CPU
		{5182FAE0-C18E-4E85-96DA-1C6915787C80}.Release|Any CPU.ActiveCfg = Release|Any CPU
		{5182FAE0-C18E-4E85-96DA-1C6915787C80}.Release|Any CPU.Build.0 = Release|Any CPU
	EndGlobalSection
	GlobalSection(SolutionProperties) = preSolution
		HideSolutionNode = FALSE
	EndGlobalSection
	GlobalSection(ExtensibilityGlobals) = postSolution
		SolutionGuid = {67D6BB21-B62B-440E-BD8E-6DB1CBABEE8F}
	EndGlobalSection
EndGlobal
